// !$*UTF8*$!
{
	archiveVersion = 1;
	classes = {
	};
	objectVersion = 56;
	objects = {

/* Begin PBXBuildFile section */
		6590754B2A761549000491FC /* SettingsView.swift in Sources */ = {isa = PBXBuildFile; fileRef = 6590750E2A761549000491FC /* SettingsView.swift */; };
		6590754C2A761549000491FC /* AppearanceCellView.swift in Sources */ = {isa = PBXBuildFile; fileRef = 6590750F2A761549000491FC /* AppearanceCellView.swift */; };
		6590754D2A761549000491FC /* DynamicCowApp.swift in Sources */ = {isa = PBXBuildFile; fileRef = 659075102A761549000491FC /* DynamicCowApp.swift */; };
		6590754E2A761549000491FC /* Assets.xcassets in Resources */ = {isa = PBXBuildFile; fileRef = 659075112A761549000491FC /* Assets.xcassets */; };
		6590754F2A761549000491FC /* Preview Assets.xcassets in Resources */ = {isa = PBXBuildFile; fileRef = 659075132A761549000491FC /* Preview Assets.xcassets */; };
		659075502A761549000491FC /* kfdApp.swift in Sources */ = {isa = PBXBuildFile; fileRef = 659075152A761549000491FC /* kfdApp.swift */; };
		659075512A761549000491FC /* AAAA.bin in Resources */ = {isa = PBXBuildFile; fileRef = 659075182A761549000491FC /* AAAA.bin */; };
		659075532A761549000491FC /* fun.m in Sources */ = {isa = PBXBuildFile; fileRef = 659075322A761549000491FC /* fun.m */; };
		659075542A761549000491FC /* vm_unaligned_copy_switch_race.c in Sources */ = {isa = PBXBuildFile; fileRef = 659075332A761549000491FC /* vm_unaligned_copy_switch_race.c */; };
		659075552A761549000491FC /* grant_full_disk_access.m in Sources */ = {isa = PBXBuildFile; fileRef = 659075342A761549000491FC /* grant_full_disk_access.m */; };
		659075562A761549000491FC /* helpers.m in Sources */ = {isa = PBXBuildFile; fileRef = 659075352A761549000491FC /* helpers.m */; };
		659075572A761549000491FC /* thanks_opa334dev_htrowii.m in Sources */ = {isa = PBXBuildFile; fileRef = 659075362A761549000491FC /* thanks_opa334dev_htrowii.m */; };
		659075582A761549000491FC /* krw.c in Sources */ = {isa = PBXBuildFile; fileRef = 659075372A761549000491FC /* krw.c */; };
		659075592A761549000491FC /* offsets.m in Sources */ = {isa = PBXBuildFile; fileRef = 659075382A761549000491FC /* offsets.m */; };
		6590755A2A761549000491FC /* vnode.c in Sources */ = {isa = PBXBuildFile; fileRef = 659075392A761549000491FC /* vnode.c */; };
		6590755B2A761549000491FC /* proc.c in Sources */ = {isa = PBXBuildFile; fileRef = 6590753A2A761549000491FC /* proc.c */; };
		6590755C2A761549000491FC /* Preview Assets.xcassets in Resources */ = {isa = PBXBuildFile; fileRef = 659075402A761549000491FC /* Preview Assets.xcassets */; };
		6590755E2A761549000491FC /* MachineName.swift in Sources */ = {isa = PBXBuildFile; fileRef = 659075452A761549000491FC /* MachineName.swift */; };
		6590755F2A761549000491FC /* DynamicKeys.swift in Sources */ = {isa = PBXBuildFile; fileRef = 659075462A761549000491FC /* DynamicKeys.swift */; };
		659075602A761549000491FC /* Alert++.swift in Sources */ = {isa = PBXBuildFile; fileRef = 659075472A761549000491FC /* Alert++.swift */; };
		659075612A761549000491FC /* ContentView.swift in Sources */ = {isa = PBXBuildFile; fileRef = 659075492A761549000491FC /* ContentView.swift */; };
		659075622A761549000491FC /* Info.plist in Resources */ = {isa = PBXBuildFile; fileRef = 6590754A2A761549000491FC /* Info.plist */; };
/* End PBXBuildFile section */

/* Begin PBXFileReference section */
		2BEC6F07296A5E3600741B6E /* DynamicCow.app */ = {isa = PBXFileReference; explicitFileType = wrapper.application; includeInIndex = 0; path = DynamicCow.app; sourceTree = BUILT_PRODUCTS_DIR; };
		6590750E2A761549000491FC /* SettingsView.swift */ = {isa = PBXFileReference; fileEncoding = 4; lastKnownFileType = sourcecode.swift; path = SettingsView.swift; sourceTree = "<group>"; };
		6590750F2A761549000491FC /* AppearanceCellView.swift */ = {isa = PBXFileReference; fileEncoding = 4; lastKnownFileType = sourcecode.swift; path = AppearanceCellView.swift; sourceTree = "<group>"; };
		659075102A761549000491FC /* DynamicCowApp.swift */ = {isa = PBXFileReference; fileEncoding = 4; lastKnownFileType = sourcecode.swift; path = DynamicCowApp.swift; sourceTree = "<group>"; };
		659075112A761549000491FC /* Assets.xcassets */ = {isa = PBXFileReference; lastKnownFileType = folder.assetcatalog; path = Assets.xcassets; sourceTree = "<group>"; };
		659075132A761549000491FC /* Preview Assets.xcassets */ = {isa = PBXFileReference; lastKnownFileType = folder.assetcatalog; path = "Preview Assets.xcassets"; sourceTree = "<group>"; };
		659075152A761549000491FC /* kfdApp.swift */ = {isa = PBXFileReference; fileEncoding = 4; lastKnownFileType = sourcecode.swift; path = kfdApp.swift; sourceTree = "<group>"; };
		659075162A761549000491FC /* kfd.entitlements */ = {isa = PBXFileReference; fileEncoding = 4; lastKnownFileType = text.plist.entitlements; path = kfd.entitlements; sourceTree = "<group>"; };
		659075182A761549000491FC /* AAAA.bin */ = {isa = PBXFileReference; lastKnownFileType = archive.macbinary; path = AAAA.bin; sourceTree = "<group>"; };
		659075192A761549000491FC /* krkw.h */ = {isa = PBXFileReference; fileEncoding = 4; lastKnownFileType = sourcecode.c.h; path = krkw.h; sourceTree = "<group>"; };
		6590751C2A761549000491FC /* kread_sem_open.h */ = {isa = PBXFileReference; fileEncoding = 4; lastKnownFileType = sourcecode.c.h; path = kread_sem_open.h; sourceTree = "<group>"; };
		6590751D2A761549000491FC /* kread_kqueue_workloop_ctl.h */ = {isa = PBXFileReference; fileEncoding = 4; lastKnownFileType = sourcecode.c.h; path = kread_kqueue_workloop_ctl.h; sourceTree = "<group>"; };
		6590751F2A761549000491FC /* kwrite_sem_open.h */ = {isa = PBXFileReference; fileEncoding = 4; lastKnownFileType = sourcecode.c.h; path = kwrite_sem_open.h; sourceTree = "<group>"; };
		659075202A761549000491FC /* kwrite_dup.h */ = {isa = PBXFileReference; fileEncoding = 4; lastKnownFileType = sourcecode.c.h; path = kwrite_dup.h; sourceTree = "<group>"; };
		659075222A761549000491FC /* static_info.h */ = {isa = PBXFileReference; fileEncoding = 4; lastKnownFileType = sourcecode.c.h; path = static_info.h; sourceTree = "<group>"; };
		659075232A761549000491FC /* dynamic_info.h */ = {isa = PBXFileReference; fileEncoding = 4; lastKnownFileType = sourcecode.c.h; path = dynamic_info.h; sourceTree = "<group>"; };
		659075242A761549000491FC /* puaf.h */ = {isa = PBXFileReference; fileEncoding = 4; lastKnownFileType = sourcecode.c.h; path = puaf.h; sourceTree = "<group>"; };
		659075252A761549000491FC /* common.h */ = {isa = PBXFileReference; fileEncoding = 4; lastKnownFileType = sourcecode.c.h; path = common.h; sourceTree = "<group>"; };
		659075272A761549000491FC /* smith.h */ = {isa = PBXFileReference; fileEncoding = 4; lastKnownFileType = sourcecode.c.h; path = smith.h; sourceTree = "<group>"; };
		659075282A761549000491FC /* physpuppet.h */ = {isa = PBXFileReference; fileEncoding = 4; lastKnownFileType = sourcecode.c.h; path = physpuppet.h; sourceTree = "<group>"; };
		659075292A761549000491FC /* perf.h */ = {isa = PBXFileReference; fileEncoding = 4; lastKnownFileType = sourcecode.c.h; path = perf.h; sourceTree = "<group>"; };
		6590752A2A761549000491FC /* info.h */ = {isa = PBXFileReference; fileEncoding = 4; lastKnownFileType = sourcecode.c.h; path = info.h; sourceTree = "<group>"; };
		6590752D2A761549000491FC /* thanks_opa334dev_htrowii.h */ = {isa = PBXFileReference; fileEncoding = 4; lastKnownFileType = sourcecode.c.h; path = thanks_opa334dev_htrowii.h; sourceTree = "<group>"; };
		6590752E2A761549000491FC /* vnode.h */ = {isa = PBXFileReference; fileEncoding = 4; lastKnownFileType = sourcecode.c.h; path = vnode.h; sourceTree = "<group>"; };
		6590752F2A761549000491FC /* proc.h */ = {isa = PBXFileReference; fileEncoding = 4; lastKnownFileType = sourcecode.c.h; path = proc.h; sourceTree = "<group>"; };
		659075302A761549000491FC /* offsets.h */ = {isa = PBXFileReference; fileEncoding = 4; lastKnownFileType = sourcecode.c.h; path = offsets.h; sourceTree = "<group>"; };
		659075312A761549000491FC /* krw.h */ = {isa = PBXFileReference; fileEncoding = 4; lastKnownFileType = sourcecode.c.h; path = krw.h; sourceTree = "<group>"; };
		659075322A761549000491FC /* fun.m */ = {isa = PBXFileReference; fileEncoding = 4; lastKnownFileType = sourcecode.c.objc; path = fun.m; sourceTree = "<group>"; };
		659075332A761549000491FC /* vm_unaligned_copy_switch_race.c */ = {isa = PBXFileReference; fileEncoding = 4; lastKnownFileType = sourcecode.c.c; path = vm_unaligned_copy_switch_race.c; sourceTree = "<group>"; };
		659075342A761549000491FC /* grant_full_disk_access.m */ = {isa = PBXFileReference; fileEncoding = 4; lastKnownFileType = sourcecode.c.objc; path = grant_full_disk_access.m; sourceTree = "<group>"; };
		659075352A761549000491FC /* helpers.m */ = {isa = PBXFileReference; fileEncoding = 4; lastKnownFileType = sourcecode.c.objc; path = helpers.m; sourceTree = "<group>"; };
		659075362A761549000491FC /* thanks_opa334dev_htrowii.m */ = {isa = PBXFileReference; fileEncoding = 4; lastKnownFileType = sourcecode.c.objc; path = thanks_opa334dev_htrowii.m; sourceTree = "<group>"; };
		659075372A761549000491FC /* krw.c */ = {isa = PBXFileReference; fileEncoding = 4; lastKnownFileType = sourcecode.c.c; path = krw.c; sourceTree = "<group>"; };
		659075382A761549000491FC /* offsets.m */ = {isa = PBXFileReference; fileEncoding = 4; lastKnownFileType = sourcecode.c.objc; path = offsets.m; sourceTree = "<group>"; };
		659075392A761549000491FC /* vnode.c */ = {isa = PBXFileReference; fileEncoding = 4; lastKnownFileType = sourcecode.c.c; path = vnode.c; sourceTree = "<group>"; };
		6590753A2A761549000491FC /* proc.c */ = {isa = PBXFileReference; fileEncoding = 4; lastKnownFileType = sourcecode.c.c; path = proc.c; sourceTree = "<group>"; };
		6590753B2A761549000491FC /* fun.h */ = {isa = PBXFileReference; fileEncoding = 4; lastKnownFileType = sourcecode.c.h; path = fun.h; sourceTree = "<group>"; };
		6590753C2A761549000491FC /* vm_unaligned_copy_switch_race.h */ = {isa = PBXFileReference; fileEncoding = 4; lastKnownFileType = sourcecode.c.h; path = vm_unaligned_copy_switch_race.h; sourceTree = "<group>"; };
		6590753D2A761549000491FC /* helpers.h */ = {isa = PBXFileReference; fileEncoding = 4; lastKnownFileType = sourcecode.c.h; path = helpers.h; sourceTree = "<group>"; };
		6590753E2A761549000491FC /* grant_full_disk_access.h */ = {isa = PBXFileReference; fileEncoding = 4; lastKnownFileType = sourcecode.c.h; path = grant_full_disk_access.h; sourceTree = "<group>"; };
		659075402A761549000491FC /* Preview Assets.xcassets */ = {isa = PBXFileReference; lastKnownFileType = folder.assetcatalog; path = "Preview Assets.xcassets"; sourceTree = "<group>"; };
		659075412A761549000491FC /* libkfd.h */ = {isa = PBXFileReference; fileEncoding = 4; lastKnownFileType = sourcecode.c.h; path = libkfd.h; sourceTree = "<group>"; };
		659075452A761549000491FC /* MachineName.swift */ = {isa = PBXFileReference; fileEncoding = 4; lastKnownFileType = sourcecode.swift; path = MachineName.swift; sourceTree = "<group>"; };
		659075462A761549000491FC /* DynamicKeys.swift */ = {isa = PBXFileReference; fileEncoding = 4; lastKnownFileType = sourcecode.swift; path = DynamicKeys.swift; sourceTree = "<group>"; };
		659075472A761549000491FC /* Alert++.swift */ = {isa = PBXFileReference; fileEncoding = 4; lastKnownFileType = sourcecode.swift; path = "Alert++.swift"; sourceTree = "<group>"; };
		659075482A761549000491FC /* DynamicCow-Bridging-Header.h */ = {isa = PBXFileReference; fileEncoding = 4; lastKnownFileType = sourcecode.c.h; path = "DynamicCow-Bridging-Header.h"; sourceTree = "<group>"; };
		659075492A761549000491FC /* ContentView.swift */ = {isa = PBXFileReference; fileEncoding = 4; lastKnownFileType = sourcecode.swift; path = ContentView.swift; sourceTree = "<group>"; };
		6590754A2A761549000491FC /* Info.plist */ = {isa = PBXFileReference; fileEncoding = 4; lastKnownFileType = text.plist.xml; path = Info.plist; sourceTree = "<group>"; };
/* End PBXFileReference section */

/* Begin PBXFrameworksBuildPhase section */
		2BEC6F04296A5E3600741B6E /* Frameworks */ = {
			isa = PBXFrameworksBuildPhase;
			buildActionMask = 2147483647;
			files = (
			);
			runOnlyForDeploymentPostprocessing = 0;
		};
/* End PBXFrameworksBuildPhase section */

/* Begin PBXGroup section */
		2BEC6EFE296A5E3600741B6E = {
			isa = PBXGroup;
			children = (
				6590750D2A761549000491FC /* DynamicKFD */,
				2BEC6F08296A5E3600741B6E /* Products */,
			);
			sourceTree = "<group>";
		};
		2BEC6F08296A5E3600741B6E /* Products */ = {
			isa = PBXGroup;
			children = (
				2BEC6F07296A5E3600741B6E /* DynamicCow.app */,
			);
			name = Products;
			sourceTree = "<group>";
		};
		6590750D2A761549000491FC /* DynamicKFD */ = {
			isa = PBXGroup;
			children = (
				6590750E2A761549000491FC /* SettingsView.swift */,
				6590750F2A761549000491FC /* AppearanceCellView.swift */,
				659075102A761549000491FC /* DynamicCowApp.swift */,
				659075112A761549000491FC /* Assets.xcassets */,
				659075122A761549000491FC /* Preview Content */,
				659075142A761549000491FC /* kfd */,
				659075442A761549000491FC /* Extensions */,
				659075482A761549000491FC /* DynamicCow-Bridging-Header.h */,
				659075492A761549000491FC /* ContentView.swift */,
				6590754A2A761549000491FC /* Info.plist */,
			);
			path = DynamicKFD;
			sourceTree = "<group>";
		};
		659075122A761549000491FC /* Preview Content */ = {
			isa = PBXGroup;
			children = (
				659075132A761549000491FC /* Preview Assets.xcassets */,
			);
			path = "Preview Content";
			sourceTree = "<group>";
		};
		659075142A761549000491FC /* kfd */ = {
			isa = PBXGroup;
			children = (
				659075152A761549000491FC /* kfdApp.swift */,
				659075162A761549000491FC /* kfd.entitlements */,
				659075172A761549000491FC /* libkfd */,
				6590752C2A761549000491FC /* fun */,
				6590753F2A761549000491FC /* Preview Content */,
				659075412A761549000491FC /* libkfd.h */,
			);
			path = kfd;
			sourceTree = "<group>";
		};
		659075172A761549000491FC /* libkfd */ = {
			isa = PBXGroup;
			children = (
				659075182A761549000491FC /* AAAA.bin */,
				659075192A761549000491FC /* krkw.h */,
				6590751A2A761549000491FC /* krkw */,
				659075212A761549000491FC /* info */,
				659075242A761549000491FC /* puaf.h */,
				659075252A761549000491FC /* common.h */,
				659075262A761549000491FC /* puaf */,
				659075292A761549000491FC /* perf.h */,
				6590752A2A761549000491FC /* info.h */,
			);
			path = libkfd;
			sourceTree = "<group>";
		};
		6590751A2A761549000491FC /* krkw */ = {
			isa = PBXGroup;
			children = (
				6590751B2A761549000491FC /* kread */,
				6590751E2A761549000491FC /* kwrite */,
			);
			path = krkw;
			sourceTree = "<group>";
		};
		6590751B2A761549000491FC /* kread */ = {
			isa = PBXGroup;
			children = (
				6590751C2A761549000491FC /* kread_sem_open.h */,
				6590751D2A761549000491FC /* kread_kqueue_workloop_ctl.h */,
			);
			path = kread;
			sourceTree = "<group>";
		};
		6590751E2A761549000491FC /* kwrite */ = {
			isa = PBXGroup;
			children = (
				6590751F2A761549000491FC /* kwrite_sem_open.h */,
				659075202A761549000491FC /* kwrite_dup.h */,
			);
			path = kwrite;
			sourceTree = "<group>";
		};
		659075212A761549000491FC /* info */ = {
			isa = PBXGroup;
			children = (
				659075222A761549000491FC /* static_info.h */,
				659075232A761549000491FC /* dynamic_info.h */,
			);
			path = info;
			sourceTree = "<group>";
		};
		659075262A761549000491FC /* puaf */ = {
			isa = PBXGroup;
			children = (
				659075272A761549000491FC /* smith.h */,
				659075282A761549000491FC /* physpuppet.h */,
			);
			path = puaf;
			sourceTree = "<group>";
		};
		6590752C2A761549000491FC /* fun */ = {
			isa = PBXGroup;
			children = (
				6590752D2A761549000491FC /* thanks_opa334dev_htrowii.h */,
				6590752E2A761549000491FC /* vnode.h */,
				6590752F2A761549000491FC /* proc.h */,
				659075302A761549000491FC /* offsets.h */,
				659075312A761549000491FC /* krw.h */,
				659075322A761549000491FC /* fun.m */,
				659075332A761549000491FC /* vm_unaligned_copy_switch_race.c */,
				659075342A761549000491FC /* grant_full_disk_access.m */,
				659075352A761549000491FC /* helpers.m */,
				659075362A761549000491FC /* thanks_opa334dev_htrowii.m */,
				659075372A761549000491FC /* krw.c */,
				659075382A761549000491FC /* offsets.m */,
				659075392A761549000491FC /* vnode.c */,
				6590753A2A761549000491FC /* proc.c */,
				6590753B2A761549000491FC /* fun.h */,
				6590753C2A761549000491FC /* vm_unaligned_copy_switch_race.h */,
				6590753D2A761549000491FC /* helpers.h */,
				6590753E2A761549000491FC /* grant_full_disk_access.h */,
			);
			path = fun;
			sourceTree = "<group>";
		};
		6590753F2A761549000491FC /* Preview Content */ = {
			isa = PBXGroup;
			children = (
				659075402A761549000491FC /* Preview Assets.xcassets */,
			);
			path = "Preview Content";
			sourceTree = "<group>";
		};
		659075442A761549000491FC /* Extensions */ = {
			isa = PBXGroup;
			children = (
				659075452A761549000491FC /* MachineName.swift */,
				659075462A761549000491FC /* DynamicKeys.swift */,
				659075472A761549000491FC /* Alert++.swift */,
			);
			path = Extensions;
			sourceTree = "<group>";
		};
/* End PBXGroup section */

/* Begin PBXNativeTarget section */
		2BEC6F06296A5E3600741B6E /* DynamicCow */ = {
			isa = PBXNativeTarget;
			buildConfigurationList = 2BEC6F15296A5E3900741B6E /* Build configuration list for PBXNativeTarget "DynamicCow" */;
			buildPhases = (
				2BEC6F03296A5E3600741B6E /* Sources */,
				2BEC6F04296A5E3600741B6E /* Frameworks */,
				2BEC6F05296A5E3600741B6E /* Resources */,
			);
			buildRules = (
			);
			dependencies = (
			);
			name = DynamicCow;
			productName = DynamicCow;
			productReference = 2BEC6F07296A5E3600741B6E /* DynamicCow.app */;
			productType = "com.apple.product-type.application";
		};
/* End PBXNativeTarget section */

/* Begin PBXProject section */
		2BEC6EFF296A5E3600741B6E /* Project object */ = {
			isa = PBXProject;
			attributes = {
				BuildIndependentTargetsInParallel = 1;
				LastSwiftUpdateCheck = 1420;
				LastUpgradeCheck = 1420;
				TargetAttributes = {
					2BEC6F06296A5E3600741B6E = {
						CreatedOnToolsVersion = 14.2;
						LastSwiftMigration = 1420;
					};
				};
			};
			buildConfigurationList = 2BEC6F02296A5E3600741B6E /* Build configuration list for PBXProject "DynamicKFD" */;
			compatibilityVersion = "Xcode 14.0";
			developmentRegion = en;
			hasScannedForEncodings = 0;
			knownRegions = (
				en,
				Base,
			);
			mainGroup = 2BEC6EFE296A5E3600741B6E;
			productRefGroup = 2BEC6F08296A5E3600741B6E /* Products */;
			projectDirPath = "";
			projectRoot = "";
			targets = (
				2BEC6F06296A5E3600741B6E /* DynamicCow */,
			);
		};
/* End PBXProject section */

/* Begin PBXResourcesBuildPhase section */
		2BEC6F05296A5E3600741B6E /* Resources */ = {
			isa = PBXResourcesBuildPhase;
			buildActionMask = 2147483647;
			files = (
				6590754F2A761549000491FC /* Preview Assets.xcassets in Resources */,
				6590754E2A761549000491FC /* Assets.xcassets in Resources */,
				659075622A761549000491FC /* Info.plist in Resources */,
				6590755C2A761549000491FC /* Preview Assets.xcassets in Resources */,
				659075512A761549000491FC /* AAAA.bin in Resources */,
			);
			runOnlyForDeploymentPostprocessing = 0;
		};
/* End PBXResourcesBuildPhase section */

/* Begin PBXSourcesBuildPhase section */
		2BEC6F03296A5E3600741B6E /* Sources */ = {
			isa = PBXSourcesBuildPhase;
			buildActionMask = 2147483647;
			files = (
				6590755B2A761549000491FC /* proc.c in Sources */,
				6590755A2A761549000491FC /* vnode.c in Sources */,
				659075602A761549000491FC /* Alert++.swift in Sources */,
				6590754C2A761549000491FC /* AppearanceCellView.swift in Sources */,
				659075502A761549000491FC /* kfdApp.swift in Sources */,
				659075542A761549000491FC /* vm_unaligned_copy_switch_race.c in Sources */,
				659075552A761549000491FC /* grant_full_disk_access.m in Sources */,
				659075592A761549000491FC /* offsets.m in Sources */,
				659075532A761549000491FC /* fun.m in Sources */,
				6590755E2A761549000491FC /* MachineName.swift in Sources */,
				659075572A761549000491FC /* thanks_opa334dev_htrowii.m in Sources */,
				6590754D2A761549000491FC /* DynamicCowApp.swift in Sources */,
				6590754B2A761549000491FC /* SettingsView.swift in Sources */,
				659075612A761549000491FC /* ContentView.swift in Sources */,
				6590755F2A761549000491FC /* DynamicKeys.swift in Sources */,
				659075582A761549000491FC /* krw.c in Sources */,
				659075562A761549000491FC /* helpers.m in Sources */,
			);
			runOnlyForDeploymentPostprocessing = 0;
		};
/* End PBXSourcesBuildPhase section */

/* Begin XCBuildConfiguration section */
		2BEC6F13296A5E3900741B6E /* Debug */ = {
			isa = XCBuildConfiguration;
			buildSettings = {
				ALWAYS_SEARCH_USER_PATHS = NO;
				CLANG_ANALYZER_NONNULL = YES;
				CLANG_ANALYZER_NUMBER_OBJECT_CONVERSION = YES_AGGRESSIVE;
				CLANG_CXX_LANGUAGE_STANDARD = "gnu++20";
				CLANG_ENABLE_MODULES = YES;
				CLANG_ENABLE_OBJC_ARC = YES;
				CLANG_ENABLE_OBJC_WEAK = YES;
				CLANG_WARN_BLOCK_CAPTURE_AUTORELEASING = YES;
				CLANG_WARN_BOOL_CONVERSION = YES;
				CLANG_WARN_COMMA = YES;
				CLANG_WARN_CONSTANT_CONVERSION = YES;
				CLANG_WARN_DEPRECATED_OBJC_IMPLEMENTATIONS = YES;
				CLANG_WARN_DIRECT_OBJC_ISA_USAGE = YES_ERROR;
				CLANG_WARN_DOCUMENTATION_COMMENTS = YES;
				CLANG_WARN_EMPTY_BODY = YES;
				CLANG_WARN_ENUM_CONVERSION = YES;
				CLANG_WARN_INFINITE_RECURSION = YES;
				CLANG_WARN_INT_CONVERSION = YES;
				CLANG_WARN_NON_LITERAL_NULL_CONVERSION = YES;
				CLANG_WARN_OBJC_IMPLICIT_RETAIN_SELF = YES;
				CLANG_WARN_OBJC_LITERAL_CONVERSION = YES;
				CLANG_WARN_OBJC_ROOT_CLASS = YES_ERROR;
				CLANG_WARN_QUOTED_INCLUDE_IN_FRAMEWORK_HEADER = YES;
				CLANG_WARN_RANGE_LOOP_ANALYSIS = YES;
				CLANG_WARN_STRICT_PROTOTYPES = YES;
				CLANG_WARN_SUSPICIOUS_MOVE = YES;
				CLANG_WARN_UNGUARDED_AVAILABILITY = YES_AGGRESSIVE;
				CLANG_WARN_UNREACHABLE_CODE = YES;
				CLANG_WARN__DUPLICATE_METHOD_MATCH = YES;
				COPY_PHASE_STRIP = NO;
				DEBUG_INFORMATION_FORMAT = dwarf;
				ENABLE_STRICT_OBJC_MSGSEND = YES;
				ENABLE_TESTABILITY = YES;
				GCC_C_LANGUAGE_STANDARD = gnu11;
				GCC_DYNAMIC_NO_PIC = NO;
				GCC_NO_COMMON_BLOCKS = YES;
				GCC_OPTIMIZATION_LEVEL = 0;
				GCC_PREPROCESSOR_DEFINITIONS = (
					"DEBUG=1",
					"$(inherited)",
				);
				GCC_WARN_64_TO_32_BIT_CONVERSION = YES;
				GCC_WARN_ABOUT_RETURN_TYPE = YES_ERROR;
				GCC_WARN_UNDECLARED_SELECTOR = YES;
				GCC_WARN_UNINITIALIZED_AUTOS = YES_AGGRESSIVE;
				GCC_WARN_UNUSED_FUNCTION = YES;
				GCC_WARN_UNUSED_VARIABLE = YES;
				IPHONEOS_DEPLOYMENT_TARGET = 16.2;
				MTL_ENABLE_DEBUG_INFO = INCLUDE_SOURCE;
				MTL_FAST_MATH = YES;
				ONLY_ACTIVE_ARCH = YES;
				SDKROOT = iphoneos;
				SWIFT_ACTIVE_COMPILATION_CONDITIONS = DEBUG;
				SWIFT_OPTIMIZATION_LEVEL = "-Onone";
			};
			name = Debug;
		};
		2BEC6F14296A5E3900741B6E /* Release */ = {
			isa = XCBuildConfiguration;
			buildSettings = {
				ALWAYS_SEARCH_USER_PATHS = NO;
				CLANG_ANALYZER_NONNULL = YES;
				CLANG_ANALYZER_NUMBER_OBJECT_CONVERSION = YES_AGGRESSIVE;
				CLANG_CXX_LANGUAGE_STANDARD = "gnu++20";
				CLANG_ENABLE_MODULES = YES;
				CLANG_ENABLE_OBJC_ARC = YES;
				CLANG_ENABLE_OBJC_WEAK = YES;
				CLANG_WARN_BLOCK_CAPTURE_AUTORELEASING = YES;
				CLANG_WARN_BOOL_CONVERSION = YES;
				CLANG_WARN_COMMA = YES;
				CLANG_WARN_CONSTANT_CONVERSION = YES;
				CLANG_WARN_DEPRECATED_OBJC_IMPLEMENTATIONS = YES;
				CLANG_WARN_DIRECT_OBJC_ISA_USAGE = YES_ERROR;
				CLANG_WARN_DOCUMENTATION_COMMENTS = YES;
				CLANG_WARN_EMPTY_BODY = YES;
				CLANG_WARN_ENUM_CONVERSION = YES;
				CLANG_WARN_INFINITE_RECURSION = YES;
				CLANG_WARN_INT_CONVERSION = YES;
				CLANG_WARN_NON_LITERAL_NULL_CONVERSION = YES;
				CLANG_WARN_OBJC_IMPLICIT_RETAIN_SELF = YES;
				CLANG_WARN_OBJC_LITERAL_CONVERSION = YES;
				CLANG_WARN_OBJC_ROOT_CLASS = YES_ERROR;
				CLANG_WARN_QUOTED_INCLUDE_IN_FRAMEWORK_HEADER = YES;
				CLANG_WARN_RANGE_LOOP_ANALYSIS = YES;
				CLANG_WARN_STRICT_PROTOTYPES = YES;
				CLANG_WARN_SUSPICIOUS_MOVE = YES;
				CLANG_WARN_UNGUARDED_AVAILABILITY = YES_AGGRESSIVE;
				CLANG_WARN_UNREACHABLE_CODE = YES;
				CLANG_WARN__DUPLICATE_METHOD_MATCH = YES;
				COPY_PHASE_STRIP = NO;
				DEBUG_INFORMATION_FORMAT = "dwarf-with-dsym";
				ENABLE_NS_ASSERTIONS = NO;
				ENABLE_STRICT_OBJC_MSGSEND = YES;
				GCC_C_LANGUAGE_STANDARD = gnu11;
				GCC_NO_COMMON_BLOCKS = YES;
				GCC_WARN_64_TO_32_BIT_CONVERSION = YES;
				GCC_WARN_ABOUT_RETURN_TYPE = YES_ERROR;
				GCC_WARN_UNDECLARED_SELECTOR = YES;
				GCC_WARN_UNINITIALIZED_AUTOS = YES_AGGRESSIVE;
				GCC_WARN_UNUSED_FUNCTION = YES;
				GCC_WARN_UNUSED_VARIABLE = YES;
				IPHONEOS_DEPLOYMENT_TARGET = 16.2;
				MTL_ENABLE_DEBUG_INFO = NO;
				MTL_FAST_MATH = YES;
				SDKROOT = iphoneos;
				SWIFT_COMPILATION_MODE = wholemodule;
				SWIFT_OPTIMIZATION_LEVEL = "-O";
				VALIDATE_PRODUCT = YES;
			};
			name = Release;
		};
		2BEC6F16296A5E3900741B6E /* Debug */ = {
			isa = XCBuildConfiguration;
			buildSettings = {
				ASSETCATALOG_COMPILER_APPICON_NAME = AppIcon;
				ASSETCATALOG_COMPILER_GLOBAL_ACCENT_COLOR_NAME = AccentColor;
				CLANG_ENABLE_MODULES = YES;
				CODE_SIGN_IDENTITY = "Apple Development";
				CODE_SIGN_STYLE = Automatic;
				CURRENT_PROJECT_VERSION = 1;
				DEVELOPMENT_ASSET_PATHS = "\"DynamicCow/Preview Content\"";
				DEVELOPMENT_TEAM = 6Q625HQD73;
				ENABLE_PREVIEWS = YES;
				GENERATE_INFOPLIST_FILE = YES;
				INFOPLIST_FILE = DynamicCow/Info.plist;
				INFOPLIST_KEY_NSAppleMusicUsageDescription = "In order to reset the plist file to its initial state in case of file corruption DynamicCow needs access sandbox.";
				INFOPLIST_KEY_UIApplicationSceneManifest_Generation = YES;
				INFOPLIST_KEY_UIApplicationSupportsIndirectInputEvents = YES;
				INFOPLIST_KEY_UILaunchScreen_Generation = YES;
				INFOPLIST_KEY_UISupportedInterfaceOrientations_iPad = "UIInterfaceOrientationPortrait UIInterfaceOrientationPortraitUpsideDown UIInterfaceOrientationLandscapeLeft UIInterfaceOrientationLandscapeRight";
				INFOPLIST_KEY_UISupportedInterfaceOrientations_iPhone = "UIInterfaceOrientationPortrait UIInterfaceOrientationLandscapeLeft UIInterfaceOrientationLandscapeRight";
				IPHONEOS_DEPLOYMENT_TARGET = 16.0;
				LD_RUNPATH_SEARCH_PATHS = (
					"$(inherited)",
					"@executable_path/Frameworks",
				);
				MARKETING_VERSION = 1.1;
				PRODUCT_BUNDLE_IDENTIFIER = com.lrdsnow.DynamicKFD;
				PRODUCT_NAME = "$(TARGET_NAME)";
				PROVISIONING_PROFILE_SPECIFIER = "";
				SWIFT_EMIT_LOC_STRINGS = YES;
				SWIFT_OBJC_BRIDGING_HEADER = "DynamicCow/DynamicCow-Bridging-Header.h";
				SWIFT_OPTIMIZATION_LEVEL = "-Onone";
				SWIFT_VERSION = 5.0;
				TARGETED_DEVICE_FAMILY = "1,2";
			};
			name = Debug;
		};
		2BEC6F17296A5E3900741B6E /* Release */ = {
			isa = XCBuildConfiguration;
			buildSettings = {
				ASSETCATALOG_COMPILER_APPICON_NAME = AppIcon;
				ASSETCATALOG_COMPILER_GLOBAL_ACCENT_COLOR_NAME = AccentColor;
				CLANG_ENABLE_MODULES = YES;
				CODE_SIGN_IDENTITY = "Apple Development";
				CODE_SIGN_STYLE = Automatic;
				CURRENT_PROJECT_VERSION = 1;
				DEVELOPMENT_ASSET_PATHS = "\"DynamicCow/Preview Content\"";
				DEVELOPMENT_TEAM = 6Q625HQD73;
				ENABLE_PREVIEWS = YES;
				GENERATE_INFOPLIST_FILE = YES;
				INFOPLIST_FILE = DynamicCow/Info.plist;
				INFOPLIST_KEY_NSAppleMusicUsageDescription = "In order to reset the plist file to its initial state in case of file corruption DynamicCow needs access sandbox.";
				INFOPLIST_KEY_UIApplicationSceneManifest_Generation = YES;
				INFOPLIST_KEY_UIApplicationSupportsIndirectInputEvents = YES;
				INFOPLIST_KEY_UILaunchScreen_Generation = YES;
				INFOPLIST_KEY_UISupportedInterfaceOrientations_iPad = "UIInterfaceOrientationPortrait UIInterfaceOrientationPortraitUpsideDown UIInterfaceOrientationLandscapeLeft UIInterfaceOrientationLandscapeRight";
				INFOPLIST_KEY_UISupportedInterfaceOrientations_iPhone = "UIInterfaceOrientationPortrait UIInterfaceOrientationLandscapeLeft UIInterfaceOrientationLandscapeRight";
				IPHONEOS_DEPLOYMENT_TARGET = 16.0;
				LD_RUNPATH_SEARCH_PATHS = (
					"$(inherited)",
					"@executable_path/Frameworks",
				);
				MARKETING_VERSION = 1.1;
				PRODUCT_BUNDLE_IDENTIFIER = com.lrdsnow.DynamicKFD;
				PRODUCT_NAME = "$(TARGET_NAME)";
				PROVISIONING_PROFILE_SPECIFIER = "";
				SWIFT_EMIT_LOC_STRINGS = YES;
				SWIFT_OBJC_BRIDGING_HEADER = "DynamicCow/DynamicCow-Bridging-Header.h";
				SWIFT_VERSION = 5.0;
				TARGETED_DEVICE_FAMILY = "1,2";
			};
			name = Release;
		};
/* End XCBuildConfiguration section */

/* Begin XCConfigurationList section */
		2BEC6F02296A5E3600741B6E /* Build configuration list for PBXProject "DynamicKFD" */ = {
			isa = XCConfigurationList;
			buildConfigurations = (
				2BEC6F13296A5E3900741B6E /* Debug */,
				2BEC6F14296A5E3900741B6E /* Release */,
			);
			defaultConfigurationIsVisible = 0;
			defaultConfigurationName = Release;
		};
		2BEC6F15296A5E3900741B6E /* Build configuration list for PBXNativeTarget "DynamicCow" */ = {
			isa = XCConfigurationList;
			buildConfigurations = (
				2BEC6F16296A5E3900741B6E /* Debug */,
				2BEC6F17296A5E3900741B6E /* Release */,
			);
			defaultConfigurationIsVisible = 0;
			defaultConfigurationName = Release;
		};
/* End XCConfigurationList section */
	};
	rootObject = 2BEC6EFF296A5E3600741B6E /* Project object */;
}
